
Microsoft Visual Studio Solution File, Format Version 12.00
# Visual Studio Version 17
VisualStudioVersion = 17.4.33122.133
MinimumVisualStudioVersion = 10.0.40219.1
Project("{FAE04EC0-301F-11D3-BF4B-00C04F79EFBC}") = "CrudCuentas.API", "CrudCuentas.API\CrudCuentas.API.csproj", "{87E864E3-B154-4534-B838-9A28A1245AFB}"
EndProject
Project("{FAE04EC0-301F-11D3-BF4B-00C04F79EFBC}") = "CrudCuentas.Repositories", "CrudCuentas.Repositories\CrudCuentas.Repositories.csproj", "{61E52BE1-56F3-4192-A553-C9C036C6C00A}"
EndProject
Project("{FAE04EC0-301F-11D3-BF4B-00C04F79EFBC}") = "CrudCuentas.DAL", "CrudCuentas.DAL\CrudCuentas.DAL.csproj", "{C345AAF3-8EFB-43C2-9157-ACAA97E2C5C5}"
EndProject
Project("{FAE04EC0-301F-11D3-BF4B-00C04F79EFBC}") = "CrudCuentas.BLL", "CrudCuentas.BLL\CrudCuentas.BLL.csproj", "{E9DA6E5D-1D88-43A7-A91A-B848C489D1F6}"
EndProject
Global
	GlobalSection(SolutionConfigurationPlatforms) = preSolution
		Debug|Any CPU = Debug|Any CPU
		Release|Any CPU = Release|Any CPU
	EndGlobalSection
	GlobalSection(ProjectConfigurationPlatforms) = postSolution
		{87E864E3-B154-4534-B838-9A28A1245AFB}.Debug|Any CPU.ActiveCfg = Debug|Any CPU
		{87E864E3-B154-4534-B838-9A28A1245AFB}.Debug|Any CPU.Build.0 = Debug|Any CPU
		{87E864E3-B154-4534-B838-9A28A1245AFB}.Release|Any CPU.ActiveCfg = Release|Any CPU
		{87E864E3-B154-4534-B838-9A28A1245AFB}.Release|Any CPU.Build.0 = Release|Any CPU
		{61E52BE1-56F3-4192-A553-C9C036C6C00A}.Debug|Any CPU.ActiveCfg = Debug|Any CPU
		{61E52BE1-56F3-4192-A553-C9C036C6C00A}.Debug|Any CPU.Build.0 = Debug|Any CPU
		{61E52BE1-56F3-4192-A553-C9C036C6C00A}.Release|Any CPU.ActiveCfg = Release|Any CPU
		{61E52BE1-56F3-4192-A553-C9C036C6C00A}.Release|Any CPU.Build.0 = Release|Any CPU
		{C345AAF3-8EFB-43C2-9157-ACAA97E2C5C5}.Debug|Any CPU.ActiveCfg = Debug|Any CPU
		{C345AAF3-8EFB-43C2-9157-ACAA97E2C5C5}.Debug|Any CPU.Build.0 = Debug|Any CPU
		{C345AAF3-8EFB-43C2-9157-ACAA97E2C5C5}.Release|Any CPU.ActiveCfg = Release|Any CPU
		{C345AAF3-8EFB-43C2-9157-ACAA97E2C5C5}.Release|Any CPU.Build.0 = Release|Any CPU
		{E9DA6E5D-1D88-43A7-A91A-B848C489D1F6}.Debug|Any CPU.ActiveCfg = Debug|Any CPU
		{E9DA6E5D-1D88-43A7-A91A-B848C489D1F6}.Debug|Any CPU.Build.0 = Debug|Any CPU
		{E9DA6E5D-1D88-43A7-A91A-B848C489D1F6}.Release|Any CPU.ActiveCfg = Release|Any CPU
		{E9DA6E5D-1D88-43A7-A91A-B848C489D1F6}.Release|Any CPU.Build.0 = Release|Any CPU
	EndGlobalSection
	GlobalSection(SolutionProperties) = preSolution
		HideSolutionNode = FALSE
	EndGlobalSection
	GlobalSection(ExtensibilityGlobals) = postSolution
		SolutionGuid = {15744CEA-74C6-43A9-AA12-2BE818D7502A}
	EndGlobalSection
EndGlobal
